// !$*UTF8*$!
{
	archiveVersion = 1;
	classes = {
	};
	objectVersion = 46;
	objects = {

/* Begin PBXBuildFile section */
		096946261C1D819300FB3575 /* PantallaAceptar.swift in Sources */ = {isa = PBXBuildFile; fileRef = 096946251C1D819300FB3575 /* PantallaAceptar.swift */; };
		099E9F9C1C1712EA00BBB047 /* AppDelegate.swift in Sources */ = {isa = PBXBuildFile; fileRef = 099E9F9B1C1712EA00BBB047 /* AppDelegate.swift */; };
		099E9F9E1C1712EA00BBB047 /* ViewController.swift in Sources */ = {isa = PBXBuildFile; fileRef = 099E9F9D1C1712EA00BBB047 /* ViewController.swift */; };
		099E9FA11C1712EA00BBB047 /* Main.storyboard in Resources */ = {isa = PBXBuildFile; fileRef = 099E9F9F1C1712EA00BBB047 /* Main.storyboard */; };
		099E9FA31C1712EA00BBB047 /* Assets.xcassets in Resources */ = {isa = PBXBuildFile; fileRef = 099E9FA21C1712EA00BBB047 /* Assets.xcassets */; };
		099E9FA61C1712EA00BBB047 /* LaunchScreen.storyboard in Resources */ = {isa = PBXBuildFile; fileRef = 099E9FA41C1712EA00BBB047 /* LaunchScreen.storyboard */; };
		099E9FAE1C17311A00BBB047 /* Pantalla2.swift in Sources */ = {isa = PBXBuildFile; fileRef = 099E9FAD1C17311A00BBB047 /* Pantalla2.swift */; };
		099E9FB01C17313800BBB047 /* Pantalla3.swift in Sources */ = {isa = PBXBuildFile; fileRef = 099E9FAF1C17313800BBB047 /* Pantalla3.swift */; };
		099E9FB21C17315000BBB047 /* Pantalla4.swift in Sources */ = {isa = PBXBuildFile; fileRef = 099E9FB11C17315000BBB047 /* Pantalla4.swift */; };
		099E9FB41C17316F00BBB047 /* Pantalla5.swift in Sources */ = {isa = PBXBuildFile; fileRef = 099E9FB31C17316F00BBB047 /* Pantalla5.swift */; };
/* End PBXBuildFile section */

/* Begin PBXFileReference section */
		096946251C1D819300FB3575 /* PantallaAceptar.swift */ = {isa = PBXFileReference; fileEncoding = 4; lastKnownFileType = sourcecode.swift; path = PantallaAceptar.swift; sourceTree = "<group>"; };
		099E9F981C1712EA00BBB047 /* Pizzas.app */ = {isa = PBXFileReference; explicitFileType = wrapper.application; includeInIndex = 0; path = Pizzas.app; sourceTree = BUILT_PRODUCTS_DIR; };
		099E9F9B1C1712EA00BBB047 /* AppDelegate.swift */ = {isa = PBXFileReference; lastKnownFileType = sourcecode.swift; path = AppDelegate.swift; sourceTree = "<group>"; };
		099E9F9D1C1712EA00BBB047 /* ViewController.swift */ = {isa = PBXFileReference; lastKnownFileType = sourcecode.swift; path = ViewController.swift; sourceTree = "<group>"; };
		099E9FA01C1712EA00BBB047 /* Base */ = {isa = PBXFileReference; lastKnownFileType = file.storyboard; name = Base; path = Base.lproj/Main.storyboard; sourceTree = "<group>"; };
		099E9FA21C1712EA00BBB047 /* Assets.xcassets */ = {isa = PBXFileReference; lastKnownFileType = folder.assetcatalog; path = Assets.xcassets; sourceTree = "<group>"; };
		099E9FA51C1712EA00BBB047 /* Base */ = {isa = PBXFileReference; lastKnownFileType = file.storyboard; name = Base; path = Base.lproj/LaunchScreen.storyboard; sourceTree = "<group>"; };
		099E9FA71C1712EA00BBB047 /* Info.plist */ = {isa = PBXFileReference; lastKnownFileType = text.plist.xml; path = Info.plist; sourceTree = "<group>"; };
		099E9FAD1C17311A00BBB047 /* Pantalla2.swift */ = {isa = PBXFileReference; fileEncoding = 4; lastKnownFileType = sourcecode.swift; path = Pantalla2.swift; sourceTree = "<group>"; };
		099E9FAF1C17313800BBB047 /* Pantalla3.swift */ = {isa = PBXFileReference; fileEncoding = 4; lastKnownFileType = sourcecode.swift; path = Pantalla3.swift; sourceTree = "<group>"; };
		099E9FB11C17315000BBB047 /* Pantalla4.swift */ = {isa = PBXFileReference; fileEncoding = 4; lastKnownFileType = sourcecode.swift; path = Pantalla4.swift; sourceTree = "<group>"; };
		099E9FB31C17316F00BBB047 /* Pantalla5.swift */ = {isa = PBXFileReference; fileEncoding = 4; lastKnownFileType = sourcecode.swift; path = Pantalla5.swift; sourceTree = "<group>"; };
/* End PBXFileReference section */

/* Begin PBXFrameworksBuildPhase section */
		099E9F951C1712EA00BBB047 /* Frameworks */ = {
			isa = PBXFrameworksBuildPhase;
			buildActionMask = 2147483647;
			files = (
			);
			runOnlyForDeploymentPostprocessing = 0;
		};
/* End PBXFrameworksBuildPhase section */

/* Begin PBXGroup section */
		099E9F8F1C1712EA00BBB047 = {
			isa = PBXGroup;
			children = (
				099E9F9A1C1712EA00BBB047 /* Pizzas */,
				099E9F991C1712EA00BBB047 /* Products */,
			);
			sourceTree = "<group>";
		};
		099E9F991C1712EA00BBB047 /* Products */ = {
			isa = PBXGroup;
			children = (
				099E9F981C1712EA00BBB047 /* Pizzas.app */,
			);
			name = Products;
			sourceTree = "<group>";
		};
		099E9F9A1C1712EA00BBB047 /* Pizzas */ = {
			isa = PBXGroup;
			children = (
				099E9F9B1C1712EA00BBB047 /* AppDelegate.swift */,
				099E9F9D1C1712EA00BBB047 /* ViewController.swift */,
				099E9F9F1C1712EA00BBB047 /* Main.storyboard */,
				099E9FA21C1712EA00BBB047 /* Assets.xcassets */,
				099E9FA41C1712EA00BBB047 /* LaunchScreen.storyboard */,
				099E9FA71C1712EA00BBB047 /* Info.plist */,
				099E9FAD1C17311A00BBB047 /* Pantalla2.swift */,
				099E9FAF1C17313800BBB047 /* Pantalla3.swift */,
				099E9FB11C17315000BBB047 /* Pantalla4.swift */,
				099E9FB31C17316F00BBB047 /* Pantalla5.swift */,
				096946251C1D819300FB3575 /* PantallaAceptar.swift */,
			);
			path = Pizzas;
			sourceTree = "<group>";
		};
/* End PBXGroup section */

/* Begin PBXNativeTarget section */
		099E9F971C1712EA00BBB047 /* Pizzas */ = {
			isa = PBXNativeTarget;
			buildConfigurationList = 099E9FAA1C1712EA00BBB047 /* Build configuration list for PBXNativeTarget "Pizzas" */;
			buildPhases = (
				099E9F941C1712EA00BBB047 /* Sources */,
				099E9F951C1712EA00BBB047 /* Frameworks */,
				099E9F961C1712EA00BBB047 /* Resources */,
			);
			buildRules = (
			);
			dependencies = (
			);
			name = Pizzas;
			productName = Pizzas;
			productReference = 099E9F981C1712EA00BBB047 /* Pizzas.app */;
			productType = "com.apple.product-type.application";
		};
/* End PBXNativeTarget section */

/* Begin PBXProject section */
		099E9F901C1712EA00BBB047 /* Project object */ = {
			isa = PBXProject;
			attributes = {
				LastSwiftUpdateCheck = 0720;
				LastUpgradeCheck = 0720;
				ORGANIZATIONNAME = "Cristina Blanco";
				TargetAttributes = {
					099E9F971C1712EA00BBB047 = {
						CreatedOnToolsVersion = 7.2;
						DevelopmentTeam = Z4Z3BRS682;
					};
				};
			};
			buildConfigurationList = 099E9F931C1712EA00BBB047 /* Build configuration list for PBXProject "Pizzas" */;
			compatibilityVersion = "Xcode 3.2";
			developmentRegion = English;
			hasScannedForEncodings = 0;
			knownRegions = (
				en,
				Base,
			);
			mainGroup = 099E9F8F1C1712EA00BBB047;
			productRefGroup = 099E9F991C1712EA00BBB047 /* Products */;
			projectDirPath = "";
			projectRoot = "";
			targets = (
				099E9F971C1712EA00BBB047 /* Pizzas */,
			);
		};
/* End PBXProject section */

/* Begin PBXResourcesBuildPhase section */
		099E9F961C1712EA00BBB047 /* Resources */ = {
			isa = PBXResourcesBuildPhase;
			buildActionMask = 2147483647;
			files = (
				099E9FA61C1712EA00BBB047 /* LaunchScreen.storyboard in Resources */,
				099E9FA31C1712EA00BBB047 /* Assets.xcassets in Resources */,
				099E9FA11C1712EA00BBB047 /* Main.storyboard in Resources */,
			);
			runOnlyForDeploymentPostprocessing = 0;
		};
/* End PBXResourcesBuildPhase section */

/* Begin PBXSourcesBuildPhase section */
		099E9F941C1712EA00BBB047 /* Sources */ = {
			isa = PBXSourcesBuildPhase;
			buildActionMask = 2147483647;
			files = (
				099E9FAE1C17311A00BBB047 /* Pantalla2.swift in Sources */,
				099E9FB21C17315000BBB047 /* Pantalla4.swift in Sources */,
				096946261C1D819300FB3575 /* PantallaAceptar.swift in Sources */,
				099E9F9E1C1712EA00BBB047 /* ViewController.swift in Sources */,
				099E9FB01C17313800BBB047 /* Pantalla3.swift in Sources */,
				099E9FB41C17316F00BBB047 /* Pantalla5.swift in Sources */,
				099E9F9C1C1712EA00BBB047 /* AppDelegate.swift in Sources */,
			);
			runOnlyForDeploymentPostprocessing = 0;
		};
/* End PBXSourcesBuildPhase section */

/* Begin PBXVariantGroup section */
		099E9F9F1C1712EA00BBB047 /* Main.storyboard */ = {
			isa = PBXVariantGroup;
			children = (
				099E9FA01C1712EA00BBB047 /* Base */,
			);
			name = Main.storyboard;
			sourceTree = "<group>";
		};
		099E9FA41C1712EA00BBB047 /* LaunchScreen.storyboard */ = {
			isa = PBXVariantGroup;
			children = (
				099E9FA51C1712EA00BBB047 /* Base */,
			);
			name = LaunchScreen.storyboard;
			sourceTree = "<group>";
		};
/* End PBXVariantGroup section */

/* Begin XCBuildConfiguration section */
		099E9FA81C1712EA00BBB047 /* Debug */ = {
			isa = XCBuildConfiguration;
			buildSettings = {
				ALWAYS_SEARCH_USER_PATHS = NO;
				CLANG_CXX_LANGUAGE_STANDARD = "gnu++0x";
				CLANG_CXX_LIBRARY = "libc++";
				CLANG_ENABLE_MODULES = YES;
				CLANG_ENABLE_OBJC_ARC = YES;
				CLANG_WARN_BOOL_CONVERSION = YES;
				CLANG_WARN_CONSTANT_CONVERSION = YES;
				CLANG_WARN_DIRECT_OBJC_ISA_USAGE = YES_ERROR;
				CLANG_WARN_EMPTY_BODY = YES;
				CLANG_WARN_ENUM_CONVERSION = YES;
				CLANG_WARN_INT_CONVERSION = YES;
				CLANG_WARN_OBJC_ROOT_CLASS = YES_ERROR;
				CLANG_WARN_UNREACHABLE_CODE = YES;
				CLANG_WARN__DUPLICATE_METHOD_MATCH = YES;
				"CODE_SIGN_IDENTITY[sdk=iphoneos*]" = "iPhone Developer";
				COPY_PHASE_STRIP = NO;
				DEBUG_INFORMATION_FORMAT = dwarf;
				ENABLE_STRICT_OBJC_MSGSEND = YES;
				ENABLE_TESTABILITY = YES;
				GCC_C_LANGUAGE_STANDARD = gnu99;
				GCC_DYNAMIC_NO_PIC = NO;
				GCC_NO_COMMON_BLOCKS = YES;
				GCC_OPTIMIZATION_LEVEL = 0;
				GCC_PREPROCESSOR_DEFINITIONS = (
					"DEBUG=1",
					"$(inherited)",
				);
				GCC_WARN_64_TO_32_BIT_CONVERSION = YES;
				GCC_WARN_ABOUT_RETURN_TYPE = YES_ERROR;
				GCC_WARN_UNDECLARED_SELECTOR = YES;
				GCC_WARN_UNINITIALIZED_AUTOS = YES_AGGRESSIVE;
				GCC_WARN_UNUSED_FUNCTION = YES;
				GCC_WARN_UNUSED_VARIABLE = YES;
				IPHONEOS_DEPLOYMENT_TARGET = 9.2;
				MTL_ENABLE_DEBUG_INFO = YES;
				ONLY_ACTIVE_ARCH = YES;
				SDKROOT = iphoneos;
				SWIFT_OPTIMIZATION_LEVEL = "-Onone";
				TARGETED_DEVICE_FAMILY = "1,2";
			};
			name = Debug;
		};
		099E9FA91C1712EA00BBB047 /* Release */ = {
			isa = XCBuildConfiguration;
			buildSettings = {
				ALWAYS_SEARCH_USER_PATHS = NO;
				CLANG_CXX_LANGUAGE_STANDARD = "gnu++0x";
				CLANG_CXX_LIBRARY = "libc++";
				CLANG_ENABLE_MODULES = YES;
				CLANG_ENABLE_OBJC_ARC = YES;
				CLANG_WARN_BOOL_CONVERSION = YES;
				CLANG_WARN_CONSTANT_CONVERSION = YES;
				CLANG_WARN_DIRECT_OBJC_ISA_USAGE = YES_ERROR;
				CLANG_WARN_EMPTY_BODY = YES;
				CLANG_WARN_ENUM_CONVERSION = YES;
				CLANG_WARN_INT_CONVERSION = YES;
				CLANG_WARN_OBJC_ROOT_CLASS = YES_ERROR;
				CLANG_WARN_UNREACHABLE_CODE = YES;
				CLANG_WARN__DUPLICATE_METHOD_MATCH = YES;
				"CODE_SIGN_IDENTITY[sdk=iphoneos*]" = "iPhone Developer";
				COPY_PHASE_STRIP = NO;
				DEBUG_INFORMATION_FORMAT = "dwarf-with-dsym";
				ENABLE_NS_ASSERTIONS = NO;
				ENABLE_STRICT_OBJC_MSGSEND = YES;
				GCC_C_LANGUAGE_STANDARD = gnu99;
				GCC_NO_COMMON_BLOCKS = YES;
				GCC_WARN_64_TO_32_BIT_CONVERSION = YES;
				GCC_WARN_ABOUT_RETURN_TYPE = YES_ERROR;
				GCC_WARN_UNDECLARED_SELECTOR = YES;
				GCC_WARN_UNINITIALIZED_AUTOS = YES_AGGRESSIVE;
				GCC_WARN_UNUSED_FUNCTION = YES;
				GCC_WARN_UNUSED_VARIABLE = YES;
				IPHONEOS_DEPLOYMENT_TARGET = 9.2;
				MTL_ENABLE_DEBUG_INFO = NO;
				SDKROOT = iphoneos;
				TARGETED_DEVICE_FAMILY = "1,2";
				VALIDATE_PRODUCT = YES;
			};
			name = Release;
		};
		099E9FAB1C1712EA00BBB047 /* Debug */ = {
			isa = XCBuildConfiguration;
			buildSettings = {
				ASSETCATALOG_COMPILER_APPICON_NAME = AppIcon;
				INFOPLIST_FILE = Pizzas/Info.plist;
				IPHONEOS_DEPLOYMENT_TARGET = 9.0;
				LD_RUNPATH_SEARCH_PATHS = "$(inherited) @executable_path/Frameworks";
				PRODUCT_BUNDLE_IDENTIFIER = cris.Pizzas;
				PRODUCT_NAME = "$(TARGET_NAME)";
			};
			name = Debug;
		};
		099E9FAC1C1712EA00BBB047 /* Release */ = {
			isa = XCBuildConfiguration;
			buildSettings = {
				ASSETCATALOG_COMPILER_APPICON_NAME = AppIcon;
				INFOPLIST_FILE = Pizzas/Info.plist;
				IPHONEOS_DEPLOYMENT_TARGET = 9.0;
				LD_RUNPATH_SEARCH_PATHS = "$(inherited) @executable_path/Frameworks";
				PRODUCT_BUNDLE_IDENTIFIER = cris.Pizzas;
				PRODUCT_NAME = "$(TARGET_NAME)";
			};
			name = Release;
		};
/* End XCBuildConfiguration section */

/* Begin XCConfigurationList section */
		099E9F931C1712EA00BBB047 /* Build configuration list for PBXProject "Pizzas" */ = {
			isa = XCConfigurationList;
			buildConfigurations = (
				099E9FA81C1712EA00BBB047 /* Debug */,
				099E9FA91C1712EA00BBB047 /* Release */,
			);
			defaultConfigurationIsVisible = 0;
			defaultConfigurationName = Release;
		};
		099E9FAA1C1712EA00BBB047 /* Build configuration list for PBXNativeTarget "Pizzas" */ = {
			isa = XCConfigurationList;
			buildConfigurations = (
				099E9FAB1C1712EA00BBB047 /* Debug */,
				099E9FAC1C1712EA00BBB047 /* Release */,
			);
			defaultConfigurationIsVisible = 0;
			defaultConfigurationName = Release;
		};
/* End XCConfigurationList section */
	};
	rootObject = 099E9F901C1712EA00BBB047 /* Project object */;
}
